{
  "name": "@celio-gnite-ui/ts-config",
  "version": "1.0.0",
  "lockfileVersion": 2,
  "requires": true,
  "packages": {
    "": {
      "name": "@celio-gnite-ui/ts-config",
      "version": "1.0.0",
      "license": "MIT",
      "dependencies": {
        "@celio-gnite-ui/ts-config": "file:"
      }
    },
    "node_modules/@celio-gnite-ui/ts-config": {
      "resolved": "",
      "link": true
    }
  },
  "dependencies": {
    "@celio-gnite-ui/ts-config": {
      "version": "file:",
      "requires": {
        "@celio-gnite-ui/ts-config": "file:"
      }
    }
  }
}
